
Microsoft Visual Studio Solution File, Format Version 12.00
# Visual Studio 15
Project("{FAE04EC0-301F-11D3-BF4B-00C04F79EFBC}") = "Assembly-CSharp", "Assembly-CSharp.csproj", "{1DD427B2-C86E-1F32-BB3D-19FF60D4C3C2}"
EndProject
Project("{FAE04EC0-301F-11D3-BF4B-00C04F79EFBC}") = "Assembly-CSharp-firstpass", "Assembly-CSharp-firstpass.csproj", "{E902B41D-B5FA-1B95-F333-2F9AEB5C6D14}"
EndProject
Project("{FAE04EC0-301F-11D3-BF4B-00C04F79EFBC}") = "Assembly-CSharp-Editor-firstpass", "Assembly-CSharp-Editor-firstpass.csproj", "{CD4A4D10-B5C4-5DBB-09F6-D55C94D76E2A}"
EndProject
Global
	GlobalSection(SolutionConfigurationPlatforms) = preSolution
		Debug|Any CPU = Debug|Any CPU
		Release|Any CPU = Release|Any CPU
	EndGlobalSection
	GlobalSection(ProjectConfigurationPlatforms) = postSolution
		{1DD427B2-C86E-1F32-BB3D-19FF60D4C3C2}.Debug|Any CPU.ActiveCfg = Debug|Any CPU
		{1DD427B2-C86E-1F32-BB3D-19FF60D4C3C2}.Debug|Any CPU.Build.0 = Debug|Any CPU
		{1DD427B2-C86E-1F32-BB3D-19FF60D4C3C2}.Release|Any CPU.ActiveCfg = Release|Any CPU
		{1DD427B2-C86E-1F32-BB3D-19FF60D4C3C2}.Release|Any CPU.Build.0 = Release|Any CPU
		{E902B41D-B5FA-1B95-F333-2F9AEB5C6D14}.Debug|Any CPU.ActiveCfg = Debug|Any CPU
		{E902B41D-B5FA-1B95-F333-2F9AEB5C6D14}.Debug|Any CPU.Build.0 = Debug|Any CPU
		{E902B41D-B5FA-1B95-F333-2F9AEB5C6D14}.Release|Any CPU.ActiveCfg = Release|Any CPU
		{E902B41D-B5FA-1B95-F333-2F9AEB5C6D14}.Release|Any CPU.Build.0 = Release|Any CPU
		{CD4A4D10-B5C4-5DBB-09F6-D55C94D76E2A}.Debug|Any CPU.ActiveCfg = Debug|Any CPU
		{CD4A4D10-B5C4-5DBB-09F6-D55C94D76E2A}.Debug|Any CPU.Build.0 = Debug|Any CPU
		{CD4A4D10-B5C4-5DBB-09F6-D55C94D76E2A}.Release|Any CPU.ActiveCfg = Release|Any CPU
		{CD4A4D10-B5C4-5DBB-09F6-D55C94D76E2A}.Release|Any CPU.Build.0 = Release|Any CPU
	EndGlobalSection
	GlobalSection(SolutionProperties) = preSolution
		HideSolutionNode = FALSE
	EndGlobalSection
EndGlobal
